
Microsoft Visual Studio Solution File, Format Version 12.00
# Visual Studio Version 17
VisualStudioVersion = 17.3.32929.385
MinimumVisualStudioVersion = 10.0.40219.1
Project("{9A19103F-16F7-4668-BE54-9A1E7A4F7556}") = "AnkiCopyBase", "AnkiCopyBase.csproj", "{2076F11C-2F77-4A7F-97E6-6E3A4A3DB388}"
EndProject
Global
	GlobalSection(SolutionConfigurationPlatforms) = preSolution
		Debug|Any CPU = Debug|Any CPU
		Release|Any CPU = Release|Any CPU
	EndGlobalSection
	GlobalSection(ProjectConfigurationPlatforms) = postSolution
		{2076F11C-2F77-4A7F-97E6-6E3A4A3DB388}.Debug|Any CPU.ActiveCfg = Debug|Any CPU
		{2076F11C-2F77-4A7F-97E6-6E3A4A3DB388}.Debug|Any CPU.Build.0 = Debug|Any CPU
		{2076F11C-2F77-4A7F-97E6-6E3A4A3DB388}.Release|Any CPU.ActiveCfg = Release|Any CPU
		{2076F11C-2F77-4A7F-97E6-6E3A4A3DB388}.Release|Any CPU.Build.0 = Release|Any CPU
	EndGlobalSection
	GlobalSection(SolutionProperties) = preSolution
		HideSolutionNode = FALSE
	EndGlobalSection
	GlobalSection(ExtensibilityGlobals) = postSolution
		SolutionGuid = {BAE7E14F-53FC-4E29-81D7-371298E27859}
	EndGlobalSection
EndGlobal
